{
  "name": "xk-web-midair-haptic-designer",
  "lockfileVersion": 2,
  "requires": true,
  "packages": {
    "": {
      "dependencies": {
        "konva": "^8.3.14",
        "split-grid": "^1.0.11"
      }
    },
    "node_modules/konva": {
      "version": "8.3.14",
      "resolved": "https://registry.npmjs.org/konva/-/konva-8.3.14.tgz",
      "integrity": "sha512-6I/TZppgY3Frs//AvZ87YVQLFxLywitb8wLS3qMM+Ih9e4QcB5Yy8br6eq7DdUzxPdbsYTz1FQBHzNxs08M1Tw==",
      "funding": [
        {
          "type": "patreon",
          "url": "https://www.patreon.com/lavrton"
        },
        {
          "type": "opencollective",
          "url": "https://opencollective.com/konva"
        },
        {
          "type": "github",
          "url": "https://github.com/sponsors/lavrton"
        }
      ]
    },
    "node_modules/split-grid": {
      "version": "1.0.11",
      "resolved": "https://registry.npmjs.org/split-grid/-/split-grid-1.0.11.tgz",
      "integrity": "sha512-ELtFtxc3r5we5GZfe6Fi0BFFxIi2M6BY1YEntBscKRDD3zx4JVHqx2VnTRSQu1BixCYSTH3MTjKd4esI2R7EgQ=="
    }
  },
  "dependencies": {
    "konva": {
      "version": "8.3.14",
      "resolved": "https://registry.npmjs.org/konva/-/konva-8.3.14.tgz",
      "integrity": "sha512-6I/TZppgY3Frs//AvZ87YVQLFxLywitb8wLS3qMM+Ih9e4QcB5Yy8br6eq7DdUzxPdbsYTz1FQBHzNxs08M1Tw=="
    },
    "split-grid": {
      "version": "1.0.11",
      "resolved": "https://registry.npmjs.org/split-grid/-/split-grid-1.0.11.tgz",
      "integrity": "sha512-ELtFtxc3r5we5GZfe6Fi0BFFxIi2M6BY1YEntBscKRDD3zx4JVHqx2VnTRSQu1BixCYSTH3MTjKd4esI2R7EgQ=="
    }
  }
}
